
Microsoft Visual Studio Solution File, Format Version 12.00
# Visual Studio Version 17
VisualStudioVersion = 17.4.33205.214
MinimumVisualStudioVersion = 10.0.40219.1
Project("{FAE04EC0-301F-11D3-BF4B-00C04F79EFBC}") = "ProjektKatthem", "ProjektKatthem\ProjektKatthem.csproj", "{12CEDFB9-A887-4A0A-8FD5-8FF54379920D}"
EndProject
Global
	GlobalSection(SolutionConfigurationPlatforms) = preSolution
		Debug|Any CPU = Debug|Any CPU
		Release|Any CPU = Release|Any CPU
	EndGlobalSection
	GlobalSection(ProjectConfigurationPlatforms) = postSolution
		{12CEDFB9-A887-4A0A-8FD5-8FF54379920D}.Debug|Any CPU.ActiveCfg = Debug|Any CPU
		{12CEDFB9-A887-4A0A-8FD5-8FF54379920D}.Debug|Any CPU.Build.0 = Debug|Any CPU
		{12CEDFB9-A887-4A0A-8FD5-8FF54379920D}.Release|Any CPU.ActiveCfg = Release|Any CPU
		{12CEDFB9-A887-4A0A-8FD5-8FF54379920D}.Release|Any CPU.Build.0 = Release|Any CPU
	EndGlobalSection
	GlobalSection(SolutionProperties) = preSolution
		HideSolutionNode = FALSE
	EndGlobalSection
	GlobalSection(ExtensibilityGlobals) = postSolution
		SolutionGuid = {75EBC076-7482-467F-B752-685A1E112F09}
	EndGlobalSection
EndGlobal
